
Microsoft Visual Studio Solution File, Format Version 12.00
# Visual Studio Version 17
VisualStudioVersion = 17.2.32630.192
MinimumVisualStudioVersion = 10.0.40219.1
Project("{FAE04EC0-301F-11D3-BF4B-00C04F79EFBC}") = "Pascal triangle1", "Pascal triangle1\Pascal triangle1.csproj", "{5ADDD68F-7F2F-4C71-BE33-2C7DF0BDFCC1}"
EndProject
Global
	GlobalSection(SolutionConfigurationPlatforms) = preSolution
		Debug|Any CPU = Debug|Any CPU
		Release|Any CPU = Release|Any CPU
	EndGlobalSection
	GlobalSection(ProjectConfigurationPlatforms) = postSolution
		{5ADDD68F-7F2F-4C71-BE33-2C7DF0BDFCC1}.Debug|Any CPU.ActiveCfg = Debug|Any CPU
		{5ADDD68F-7F2F-4C71-BE33-2C7DF0BDFCC1}.Debug|Any CPU.Build.0 = Debug|Any CPU
		{5ADDD68F-7F2F-4C71-BE33-2C7DF0BDFCC1}.Release|Any CPU.ActiveCfg = Release|Any CPU
		{5ADDD68F-7F2F-4C71-BE33-2C7DF0BDFCC1}.Release|Any CPU.Build.0 = Release|Any CPU
	EndGlobalSection
	GlobalSection(SolutionProperties) = preSolution
		HideSolutionNode = FALSE
	EndGlobalSection
	GlobalSection(ExtensibilityGlobals) = postSolution
		SolutionGuid = {AC47EB92-B907-46C0-8D6F-1BBD1151514A}
	EndGlobalSection
EndGlobal
